
Microsoft Visual Studio Solution File, Format Version 12.00
# Visual Studio Version 16
VisualStudioVersion = 16.0.29418.71
MinimumVisualStudioVersion = 10.0.40219.1
Project("{9A19103F-16F7-4668-BE54-9A1E7A4F7556}") = "Day01", "Day1\Day01.csproj", "{0EA7EB4A-A3D8-4785-B52E-C5850CCE4C85}"
EndProject
Project("{9A19103F-16F7-4668-BE54-9A1E7A4F7556}") = "Tests", "Tests\Tests.csproj", "{3173A401-ED50-4064-9459-9CAE9C594FE0}"
EndProject
Project("{9A19103F-16F7-4668-BE54-9A1E7A4F7556}") = "Day02", "Day2\Day02.csproj", "{6186BB14-BEA9-4AC8-BCD0-F33890BE2E18}"
EndProject
Project("{9A19103F-16F7-4668-BE54-9A1E7A4F7556}") = "Day03", "Day3\Day03.csproj", "{195E7594-2E6E-4A4C-B89A-8683D9BF9C31}"
EndProject
Project("{9A19103F-16F7-4668-BE54-9A1E7A4F7556}") = "Day04", "Day4\Day04.csproj", "{E197BB14-B29F-43F8-9E94-E4050406E03B}"
EndProject
Project("{9A19103F-16F7-4668-BE54-9A1E7A4F7556}") = "Day05", "Day5\Day05.csproj", "{29FB3E9E-61F8-4689-AC96-D92353C9712E}"
EndProject
Project("{9A19103F-16F7-4668-BE54-9A1E7A4F7556}") = "Day06", "Day6\Day06.csproj", "{01F6835B-9969-4A6C-AB67-8F5FCEE12128}"
EndProject
Project("{9A19103F-16F7-4668-BE54-9A1E7A4F7556}") = "Day07", "Day7\Day07.csproj", "{B36CC84B-E597-4DFE-A6FA-E73C3B88BE22}"
EndProject
Project("{9A19103F-16F7-4668-BE54-9A1E7A4F7556}") = "Day08", "Day8\Day08.csproj", "{F158E828-9E27-4FEB-BBB8-F206FA57D173}"
EndProject
Project("{9A19103F-16F7-4668-BE54-9A1E7A4F7556}") = "Day09", "Day9\Day09.csproj", "{0B759D4B-8864-4DA3-BCC3-C88DD764E13D}"
EndProject
Project("{9A19103F-16F7-4668-BE54-9A1E7A4F7556}") = "Day10", "Day10\Day10.csproj", "{2AA55DF4-F9C3-4BC5-ABBA-F3EC80950538}"
EndProject
Project("{FAE04EC0-301F-11D3-BF4B-00C04F79EFBC}") = "Day12", "Day12\Day12.csproj", "{5CD09414-E577-4363-A936-C3B5E72841D2}"
EndProject
Global
	GlobalSection(SolutionConfigurationPlatforms) = preSolution
		Debug|Any CPU = Debug|Any CPU
		Release|Any CPU = Release|Any CPU
	EndGlobalSection
	GlobalSection(ProjectConfigurationPlatforms) = postSolution
		{0EA7EB4A-A3D8-4785-B52E-C5850CCE4C85}.Debug|Any CPU.ActiveCfg = Debug|Any CPU
		{0EA7EB4A-A3D8-4785-B52E-C5850CCE4C85}.Debug|Any CPU.Build.0 = Debug|Any CPU
		{0EA7EB4A-A3D8-4785-B52E-C5850CCE4C85}.Release|Any CPU.ActiveCfg = Release|Any CPU
		{0EA7EB4A-A3D8-4785-B52E-C5850CCE4C85}.Release|Any CPU.Build.0 = Release|Any CPU
		{3173A401-ED50-4064-9459-9CAE9C594FE0}.Debug|Any CPU.ActiveCfg = Debug|Any CPU
		{3173A401-ED50-4064-9459-9CAE9C594FE0}.Debug|Any CPU.Build.0 = Debug|Any CPU
		{3173A401-ED50-4064-9459-9CAE9C594FE0}.Release|Any CPU.ActiveCfg = Release|Any CPU
		{3173A401-ED50-4064-9459-9CAE9C594FE0}.Release|Any CPU.Build.0 = Release|Any CPU
		{6186BB14-BEA9-4AC8-BCD0-F33890BE2E18}.Debug|Any CPU.ActiveCfg = Debug|Any CPU
		{6186BB14-BEA9-4AC8-BCD0-F33890BE2E18}.Debug|Any CPU.Build.0 = Debug|Any CPU
		{6186BB14-BEA9-4AC8-BCD0-F33890BE2E18}.Release|Any CPU.ActiveCfg = Release|Any CPU
		{6186BB14-BEA9-4AC8-BCD0-F33890BE2E18}.Release|Any CPU.Build.0 = Release|Any CPU
		{195E7594-2E6E-4A4C-B89A-8683D9BF9C31}.Debug|Any CPU.ActiveCfg = Debug|Any CPU
		{195E7594-2E6E-4A4C-B89A-8683D9BF9C31}.Debug|Any CPU.Build.0 = Debug|Any CPU
		{195E7594-2E6E-4A4C-B89A-8683D9BF9C31}.Release|Any CPU.ActiveCfg = Release|Any CPU
		{195E7594-2E6E-4A4C-B89A-8683D9BF9C31}.Release|Any CPU.Build.0 = Release|Any CPU
		{E197BB14-B29F-43F8-9E94-E4050406E03B}.Debug|Any CPU.ActiveCfg = Debug|Any CPU
		{E197BB14-B29F-43F8-9E94-E4050406E03B}.Debug|Any CPU.Build.0 = Debug|Any CPU
		{E197BB14-B29F-43F8-9E94-E4050406E03B}.Release|Any CPU.ActiveCfg = Release|Any CPU
		{E197BB14-B29F-43F8-9E94-E4050406E03B}.Release|Any CPU.Build.0 = Release|Any CPU
		{29FB3E9E-61F8-4689-AC96-D92353C9712E}.Debug|Any CPU.ActiveCfg = Debug|Any CPU
		{29FB3E9E-61F8-4689-AC96-D92353C9712E}.Debug|Any CPU.Build.0 = Debug|Any CPU
		{29FB3E9E-61F8-4689-AC96-D92353C9712E}.Release|Any CPU.ActiveCfg = Release|Any CPU
		{29FB3E9E-61F8-4689-AC96-D92353C9712E}.Release|Any CPU.Build.0 = Release|Any CPU
		{01F6835B-9969-4A6C-AB67-8F5FCEE12128}.Debug|Any CPU.ActiveCfg = Debug|Any CPU
		{01F6835B-9969-4A6C-AB67-8F5FCEE12128}.Debug|Any CPU.Build.0 = Debug|Any CPU
		{01F6835B-9969-4A6C-AB67-8F5FCEE12128}.Release|Any CPU.ActiveCfg = Release|Any CPU
		{01F6835B-9969-4A6C-AB67-8F5FCEE12128}.Release|Any CPU.Build.0 = Release|Any CPU
		{B36CC84B-E597-4DFE-A6FA-E73C3B88BE22}.Debug|Any CPU.ActiveCfg = Debug|Any CPU
		{B36CC84B-E597-4DFE-A6FA-E73C3B88BE22}.Debug|Any CPU.Build.0 = Debug|Any CPU
		{B36CC84B-E597-4DFE-A6FA-E73C3B88BE22}.Release|Any CPU.ActiveCfg = Release|Any CPU
		{B36CC84B-E597-4DFE-A6FA-E73C3B88BE22}.Release|Any CPU.Build.0 = Release|Any CPU
		{F158E828-9E27-4FEB-BBB8-F206FA57D173}.Debug|Any CPU.ActiveCfg = Debug|Any CPU
		{F158E828-9E27-4FEB-BBB8-F206FA57D173}.Debug|Any CPU.Build.0 = Debug|Any CPU
		{F158E828-9E27-4FEB-BBB8-F206FA57D173}.Release|Any CPU.ActiveCfg = Release|Any CPU
		{F158E828-9E27-4FEB-BBB8-F206FA57D173}.Release|Any CPU.Build.0 = Release|Any CPU
		{0B759D4B-8864-4DA3-BCC3-C88DD764E13D}.Debug|Any CPU.ActiveCfg = Debug|Any CPU
		{0B759D4B-8864-4DA3-BCC3-C88DD764E13D}.Debug|Any CPU.Build.0 = Debug|Any CPU
		{0B759D4B-8864-4DA3-BCC3-C88DD764E13D}.Release|Any CPU.ActiveCfg = Release|Any CPU
		{0B759D4B-8864-4DA3-BCC3-C88DD764E13D}.Release|Any CPU.Build.0 = Release|Any CPU
		{2AA55DF4-F9C3-4BC5-ABBA-F3EC80950538}.Debug|Any CPU.ActiveCfg = Debug|Any CPU
		{2AA55DF4-F9C3-4BC5-ABBA-F3EC80950538}.Debug|Any CPU.Build.0 = Debug|Any CPU
		{2AA55DF4-F9C3-4BC5-ABBA-F3EC80950538}.Release|Any CPU.ActiveCfg = Release|Any CPU
		{2AA55DF4-F9C3-4BC5-ABBA-F3EC80950538}.Release|Any CPU.Build.0 = Release|Any CPU
		{5CD09414-E577-4363-A936-C3B5E72841D2}.Debug|Any CPU.ActiveCfg = Debug|Any CPU
		{5CD09414-E577-4363-A936-C3B5E72841D2}.Debug|Any CPU.Build.0 = Debug|Any CPU
		{5CD09414-E577-4363-A936-C3B5E72841D2}.Release|Any CPU.ActiveCfg = Release|Any CPU
		{5CD09414-E577-4363-A936-C3B5E72841D2}.Release|Any CPU.Build.0 = Release|Any CPU
	EndGlobalSection
	GlobalSection(SolutionProperties) = preSolution
		HideSolutionNode = FALSE
	EndGlobalSection
	GlobalSection(ExtensibilityGlobals) = postSolution
		SolutionGuid = {D83230E3-69CA-44C5-B193-78AA752B4A0E}
	EndGlobalSection
EndGlobal
